// !$*UTF8*$!
{
	archiveVersion = 1;
	classes = {
	};
	objectVersion = 70;
	objects = {

/* Begin PBXBuildFile section */
		5D1C89492DAC208B0021E0E5 /* WorkoutCard.swift in Sources */ = {isa = PBXBuildFile; fileRef = 5D1C89472DAC20850021E0E5 /* WorkoutCard.swift */; };
		5D37C99D2DA56D1F0044CF0D /* GymBro Watch Watch App.app in Embed Watch Content */ = {isa = PBXBuildFile; fileRef = 5D37C97D2DA56D190044CF0D /* GymBro Watch Watch App.app */; settings = {ATTRIBUTES = (RemoveHeadersOnCopy, ); }; };
		5D37C9E72DA5747F0044CF0D /* WatchSessionManager.swift in Sources */ = {isa = PBXBuildFile; fileRef = 5D37C9E62DA5747E0044CF0D /* WatchSessionManager.swift */; };
		5D37C9F02DA582040044CF0D /* FirebaseFirestore in Frameworks */ = {isa = PBXBuildFile; productRef = 5D37C9EF2DA582040044CF0D /* FirebaseFirestore */; };
		5D37CC7C2DA97C7D0044CF0D /* Calendar.swift in Sources */ = {isa = PBXBuildFile; fileRef = 5D37CC7B2DA97C7D0044CF0D /* Calendar.swift */; };
		5D4909F92CEB7DF000A24F89 /* GymBroApp.swift in Sources */ = {isa = PBXBuildFile; fileRef = 5D4909F82CEB7DF000A24F89 /* GymBroApp.swift */; };
		5D4909FB2CEB7DF000A24F89 /* LoginView.swift in Sources */ = {isa = PBXBuildFile; fileRef = 5D4909FA2CEB7DF000A24F89 /* LoginView.swift */; };
		5D4909FD2CEB7DF600A24F89 /* Assets.xcassets in Resources */ = {isa = PBXBuildFile; fileRef = 5D4909FC2CEB7DF600A24F89 /* Assets.xcassets */; };
		5D490A002CEB7DF600A24F89 /* Preview Assets.xcassets in Resources */ = {isa = PBXBuildFile; fileRef = 5D4909FF2CEB7DF600A24F89 /* Preview Assets.xcassets */; };
		5D58A4662D4256AE0004E6C5 /* WorkoutWidget.swift in Sources */ = {isa = PBXBuildFile; fileRef = 5D58A4652D4256AE0004E6C5 /* WorkoutWidget.swift */; };
		5D5B3AB12DB137BA0059F92B /* WidgetKit.framework in Frameworks */ = {isa = PBXBuildFile; fileRef = 5D5B3AB02DB137BA0059F92B /* WidgetKit.framework */; };
		5D5B3AB32DB137BA0059F92B /* SwiftUI.framework in Frameworks */ = {isa = PBXBuildFile; fileRef = 5D5B3AB22DB137BA0059F92B /* SwiftUI.framework */; };
		5D5B3ABE2DB137BD0059F92B /* GymBroWidgetExtension.appex in Embed Foundation Extensions */ = {isa = PBXBuildFile; fileRef = 5D5B3AAF2DB137B90059F92B /* GymBroWidgetExtension.appex */; settings = {ATTRIBUTES = (RemoveHeadersOnCopy, ); }; };
		5D7A66632D41C91A00FC3EE1 /* GoogleService-Info.plist in Resources */ = {isa = PBXBuildFile; fileRef = 5D7A66622D41C91A00FC3EE1 /* GoogleService-Info.plist */; };
		5D7A66662D41C9C100FC3EE1 /* FirebaseFirestore in Frameworks */ = {isa = PBXBuildFile; productRef = 5D7A66652D41C9C100FC3EE1 /* FirebaseFirestore */; };
		5D7A66682D41C9C100FC3EE1 /* FirebaseFirestoreCombine-Community in Frameworks */ = {isa = PBXBuildFile; productRef = 5D7A66672D41C9C100FC3EE1 /* FirebaseFirestoreCombine-Community */; };
		5D8214DE2D623DAD00FB84BB /* ExercisePlayWidget.swift in Sources */ = {isa = PBXBuildFile; fileRef = 5D8214DD2D623DAD00FB84BB /* ExercisePlayWidget.swift */; };
		5D872A552D46E46400368978 /* MuscleGroupWidget.swift in Sources */ = {isa = PBXBuildFile; fileRef = 5D872A542D46E46400368978 /* MuscleGroupWidget.swift */; };
		5DD681002D42A6B9008740B4 /* BottomBar.swift in Sources */ = {isa = PBXBuildFile; fileRef = 5DD680FF2D42A6B2008740B4 /* BottomBar.swift */; };
		733921EA2D9C78A000C4E496 /* TitleRow.swift in Sources */ = {isa = PBXBuildFile; fileRef = 733921E92D9C78A000C4E496 /* TitleRow.swift */; };
		7339220E2D9C8BA900C4E496 /* MessageBubble.swift in Sources */ = {isa = PBXBuildFile; fileRef = 7339220D2D9C8BA900C4E496 /* MessageBubble.swift */; };
		73DA14292D3FD36700960BD8 /* Localizable.xcstrings in Resources */ = {isa = PBXBuildFile; fileRef = 73DA14282D3FD36700960BD8 /* Localizable.xcstrings */; };
		73E4AEDB2D5391F10088A814 /* MainView.swift in Sources */ = {isa = PBXBuildFile; fileRef = 73E4AEDA2D5391F10088A814 /* MainView.swift */; };
		73E4AEDD2D54FF4F0088A814 /* FirebaseAuth in Frameworks */ = {isa = PBXBuildFile; productRef = 73E4AEDC2D54FF4F0088A814 /* FirebaseAuth */; };
		73E4AEE12D551B850088A814 /* FirebaseStorage in Frameworks */ = {isa = PBXBuildFile; productRef = 73E4AEE02D551B850088A814 /* FirebaseStorage */; };
/* End PBXBuildFile section */

/* Begin PBXContainerItemProxy section */
		5D37C99B2DA56D1F0044CF0D /* PBXContainerItemProxy */ = {
			isa = PBXContainerItemProxy;
			containerPortal = 5D4909ED2CEB7DF000A24F89 /* Project object */;
			proxyType = 1;
			remoteGlobalIDString = 5D37C97C2DA56D190044CF0D;
			remoteInfo = "GymBro Watch Watch App";
		};
		5D5B3ABC2DB137BD0059F92B /* PBXContainerItemProxy */ = {
			isa = PBXContainerItemProxy;
			containerPortal = 5D4909ED2CEB7DF000A24F89 /* Project object */;
			proxyType = 1;
			remoteGlobalIDString = 5D5B3AAE2DB137B90059F92B;
			remoteInfo = GymBroWidgetExtension;
		};
/* End PBXContainerItemProxy section */

/* Begin PBXCopyFilesBuildPhase section */
		5D37C9A12DA56D1F0044CF0D /* Embed Watch Content */ = {
			isa = PBXCopyFilesBuildPhase;
			buildActionMask = 2147483647;
			dstPath = "$(CONTENTS_FOLDER_PATH)/Watch";
			dstSubfolderSpec = 16;
			files = (
				5D37C99D2DA56D1F0044CF0D /* GymBro Watch Watch App.app in Embed Watch Content */,
			);
			name = "Embed Watch Content";
			runOnlyForDeploymentPostprocessing = 0;
		};
		5D5B3ABF2DB137BD0059F92B /* Embed Foundation Extensions */ = {
			isa = PBXCopyFilesBuildPhase;
			buildActionMask = 2147483647;
			dstPath = "";
			dstSubfolderSpec = 13;
			files = (
				5D5B3ABE2DB137BD0059F92B /* GymBroWidgetExtension.appex in Embed Foundation Extensions */,
			);
			name = "Embed Foundation Extensions";
			runOnlyForDeploymentPostprocessing = 0;
		};
/* End PBXCopyFilesBuildPhase section */

/* Begin PBXFileReference section */
		5D1C89472DAC20850021E0E5 /* WorkoutCard.swift */ = {isa = PBXFileReference; lastKnownFileType = sourcecode.swift; path = WorkoutCard.swift; sourceTree = "<group>"; };
		5D37C97D2DA56D190044CF0D /* GymBro Watch Watch App.app */ = {isa = PBXFileReference; explicitFileType = wrapper.application; includeInIndex = 0; path = "GymBro Watch Watch App.app"; sourceTree = BUILT_PRODUCTS_DIR; };
		5D37C9E62DA5747E0044CF0D /* WatchSessionManager.swift */ = {isa = PBXFileReference; lastKnownFileType = sourcecode.swift; path = WatchSessionManager.swift; sourceTree = "<group>"; };
		5D37CC7B2DA97C7D0044CF0D /* Calendar.swift */ = {isa = PBXFileReference; lastKnownFileType = sourcecode.swift; path = Calendar.swift; sourceTree = "<group>"; };
		5D4909F52CEB7DF000A24F89 /* GymBro.app */ = {isa = PBXFileReference; explicitFileType = wrapper.application; includeInIndex = 0; path = GymBro.app; sourceTree = BUILT_PRODUCTS_DIR; };
		5D4909F82CEB7DF000A24F89 /* GymBroApp.swift */ = {isa = PBXFileReference; lastKnownFileType = sourcecode.swift; path = GymBroApp.swift; sourceTree = "<group>"; };
		5D4909FA2CEB7DF000A24F89 /* LoginView.swift */ = {isa = PBXFileReference; lastKnownFileType = sourcecode.swift; path = LoginView.swift; sourceTree = "<group>"; };
		5D4909FC2CEB7DF600A24F89 /* Assets.xcassets */ = {isa = PBXFileReference; lastKnownFileType = folder.assetcatalog; path = Assets.xcassets; sourceTree = "<group>"; };
		5D4909FF2CEB7DF600A24F89 /* Preview Assets.xcassets */ = {isa = PBXFileReference; lastKnownFileType = folder.assetcatalog; path = "Preview Assets.xcassets"; sourceTree = "<group>"; };
		5D58A4652D4256AE0004E6C5 /* WorkoutWidget.swift */ = {isa = PBXFileReference; lastKnownFileType = sourcecode.swift; path = WorkoutWidget.swift; sourceTree = "<group>"; };
		5D5B3AAF2DB137B90059F92B /* GymBroWidgetExtension.appex */ = {isa = PBXFileReference; explicitFileType = "wrapper.app-extension"; includeInIndex = 0; path = GymBroWidgetExtension.appex; sourceTree = BUILT_PRODUCTS_DIR; };
		5D5B3AB02DB137BA0059F92B /* WidgetKit.framework */ = {isa = PBXFileReference; lastKnownFileType = wrapper.framework; name = WidgetKit.framework; path = System/Library/Frameworks/WidgetKit.framework; sourceTree = SDKROOT; };
		5D5B3AB22DB137BA0059F92B /* SwiftUI.framework */ = {isa = PBXFileReference; lastKnownFileType = wrapper.framework; name = SwiftUI.framework; path = System/Library/Frameworks/SwiftUI.framework; sourceTree = SDKROOT; };
		5D5B3AC42DB137CC0059F92B /* GymBroRelease.entitlements */ = {isa = PBXFileReference; lastKnownFileType = text.plist.entitlements; path = GymBroRelease.entitlements; sourceTree = "<group>"; };
		5D5B3AC52DB137E70059F92B /* GymBroWidgetExtensionRelease.entitlements */ = {isa = PBXFileReference; lastKnownFileType = text.plist.entitlements; path = GymBroWidgetExtensionRelease.entitlements; sourceTree = "<group>"; };
		5D7A66622D41C91A00FC3EE1 /* GoogleService-Info.plist */ = {isa = PBXFileReference; lastKnownFileType = text.plist.xml; path = "GoogleService-Info.plist"; sourceTree = "<group>"; };
		5D8214DD2D623DAD00FB84BB /* ExercisePlayWidget.swift */ = {isa = PBXFileReference; lastKnownFileType = sourcecode.swift; path = ExercisePlayWidget.swift; sourceTree = "<group>"; };
		5D872A542D46E46400368978 /* MuscleGroupWidget.swift */ = {isa = PBXFileReference; lastKnownFileType = sourcecode.swift; path = MuscleGroupWidget.swift; sourceTree = "<group>"; };
		5DD680FF2D42A6B2008740B4 /* BottomBar.swift */ = {isa = PBXFileReference; lastKnownFileType = sourcecode.swift; path = BottomBar.swift; sourceTree = "<group>"; };
		733921E92D9C78A000C4E496 /* TitleRow.swift */ = {isa = PBXFileReference; lastKnownFileType = sourcecode.swift; path = TitleRow.swift; sourceTree = "<group>"; };
		7339220D2D9C8BA900C4E496 /* MessageBubble.swift */ = {isa = PBXFileReference; lastKnownFileType = sourcecode.swift; path = MessageBubble.swift; sourceTree = "<group>"; };
		73DA14282D3FD36700960BD8 /* Localizable.xcstrings */ = {isa = PBXFileReference; lastKnownFileType = text.json.xcstrings; path = Localizable.xcstrings; sourceTree = "<group>"; };
		73E4AEDA2D5391F10088A814 /* MainView.swift */ = {isa = PBXFileReference; lastKnownFileType = sourcecode.swift; path = MainView.swift; sourceTree = "<group>"; };
/* End PBXFileReference section */

/* Begin PBXFileSystemSynchronizedBuildFileExceptionSet section */
		5D37CA582DA5A3720044CF0D /* PBXFileSystemSynchronizedBuildFileExceptionSet */ = {
			isa = PBXFileSystemSynchronizedBuildFileExceptionSet;
			membershipExceptions = (
				Animations.swift,
			);
			target = 5D37C97C2DA56D190044CF0D /* GymBro Watch Watch App */;
		};
		5D5B3AC22DB137BD0059F92B /* PBXFileSystemSynchronizedBuildFileExceptionSet */ = {
			isa = PBXFileSystemSynchronizedBuildFileExceptionSet;
			membershipExceptions = (
				Info.plist,
			);
			target = 5D5B3AAE2DB137B90059F92B /* GymBroWidgetExtension */;
		};
/* End PBXFileSystemSynchronizedBuildFileExceptionSet section */

/* Begin PBXFileSystemSynchronizedRootGroup section */
		5D37C97E2DA56D190044CF0D /* GymBro Watch Watch App */ = {isa = PBXFileSystemSynchronizedRootGroup; explicitFileTypes = {}; explicitFolders = (); path = "GymBro Watch Watch App"; sourceTree = "<group>"; };
		5D58A4482D42488D0004E6C5 /* Visual */ = {isa = PBXFileSystemSynchronizedRootGroup; exceptions = (5D37CA582DA5A3720044CF0D /* PBXFileSystemSynchronizedBuildFileExceptionSet */, ); explicitFileTypes = {}; explicitFolders = (); path = Visual; sourceTree = "<group>"; };
		5D5B3AB42DB137BA0059F92B /* GymBroWidget */ = {isa = PBXFileSystemSynchronizedRootGroup; exceptions = (5D5B3AC22DB137BD0059F92B /* PBXFileSystemSynchronizedBuildFileExceptionSet */, ); explicitFileTypes = {}; explicitFolders = (); path = GymBroWidget; sourceTree = "<group>"; };
		5DB1334E2D4D968D00C37DF0 /* Model */ = {isa = PBXFileSystemSynchronizedRootGroup; explicitFileTypes = {}; explicitFolders = (); path = Model; sourceTree = "<group>"; };
		73DA142A2D3FD65B00960BD8 /* Controllers */ = {isa = PBXFileSystemSynchronizedRootGroup; explicitFileTypes = {}; explicitFolders = (); path = Controllers; sourceTree = "<group>"; };
/* End PBXFileSystemSynchronizedRootGroup section */

/* Begin PBXFrameworksBuildPhase section */
		5D37C97A2DA56D190044CF0D /* Frameworks */ = {
			isa = PBXFrameworksBuildPhase;
			buildActionMask = 2147483647;
			files = (
				5D37C9F02DA582040044CF0D /* FirebaseFirestore in Frameworks */,
			);
			runOnlyForDeploymentPostprocessing = 0;
		};
		5D4909F22CEB7DF000A24F89 /* Frameworks */ = {
			isa = PBXFrameworksBuildPhase;
			buildActionMask = 2147483647;
			files = (
				5D7A66662D41C9C100FC3EE1 /* FirebaseFirestore in Frameworks */,
				73E4AEE12D551B850088A814 /* FirebaseStorage in Frameworks */,
				73E4AEDD2D54FF4F0088A814 /* FirebaseAuth in Frameworks */,
				5D7A66682D41C9C100FC3EE1 /* FirebaseFirestoreCombine-Community in Frameworks */,
			);
			runOnlyForDeploymentPostprocessing = 0;
		};
		5D5B3AAC2DB137B90059F92B /* Frameworks */ = {
			isa = PBXFrameworksBuildPhase;
			buildActionMask = 2147483647;
			files = (
				5D5B3AB32DB137BA0059F92B /* SwiftUI.framework in Frameworks */,
				5D5B3AB12DB137BA0059F92B /* WidgetKit.framework in Frameworks */,
			);
			runOnlyForDeploymentPostprocessing = 0;
		};
/* End PBXFrameworksBuildPhase section */

/* Begin PBXGroup section */
		5D37C9EE2DA582040044CF0D /* Frameworks */ = {
			isa = PBXGroup;
			children = (
				5D5B3AB02DB137BA0059F92B /* WidgetKit.framework */,
				5D5B3AB22DB137BA0059F92B /* SwiftUI.framework */,
			);
			name = Frameworks;
			sourceTree = "<group>";
		};
		5D4909EC2CEB7DF000A24F89 = {
			isa = PBXGroup;
			children = (
				5D5B3AC52DB137E70059F92B /* GymBroWidgetExtensionRelease.entitlements */,
				73DA14282D3FD36700960BD8 /* Localizable.xcstrings */,
				5D4909F72CEB7DF000A24F89 /* GymBro */,
				5D37C97E2DA56D190044CF0D /* GymBro Watch Watch App */,
				5D5B3AB42DB137BA0059F92B /* GymBroWidget */,
				5D37C9EE2DA582040044CF0D /* Frameworks */,
				5D4909F62CEB7DF000A24F89 /* Products */,
			);
			sourceTree = "<group>";
		};
		5D4909F62CEB7DF000A24F89 /* Products */ = {
			isa = PBXGroup;
			children = (
				5D4909F52CEB7DF000A24F89 /* GymBro.app */,
				5D37C97D2DA56D190044CF0D /* GymBro Watch Watch App.app */,
				5D5B3AAF2DB137B90059F92B /* GymBroWidgetExtension.appex */,
			);
			name = Products;
			sourceTree = "<group>";
		};
		5D4909F72CEB7DF000A24F89 /* GymBro */ = {
			isa = PBXGroup;
			children = (
				5D5B3AC42DB137CC0059F92B /* GymBroRelease.entitlements */,
				5D4909F82CEB7DF000A24F89 /* GymBroApp.swift */,
				73E4AEDA2D5391F10088A814 /* MainView.swift */,
				5D4909FA2CEB7DF000A24F89 /* LoginView.swift */,
				5D37C9E62DA5747E0044CF0D /* WatchSessionManager.swift */,
				5DB1334E2D4D968D00C37DF0 /* Model */,
				5D58A44C2D4248D60004E6C5 /* Components */,
				5D58A4482D42488D0004E6C5 /* Visual */,
				73DA142A2D3FD65B00960BD8 /* Controllers */,
				5D4909FC2CEB7DF600A24F89 /* Assets.xcassets */,
				5D7A66622D41C91A00FC3EE1 /* GoogleService-Info.plist */,
				5D4909FE2CEB7DF600A24F89 /* Preview Content */,
			);
			path = GymBro;
			sourceTree = "<group>";
		};
		5D4909FE2CEB7DF600A24F89 /* Preview Content */ = {
			isa = PBXGroup;
			children = (
				5D4909FF2CEB7DF600A24F89 /* Preview Assets.xcassets */,
			);
			path = "Preview Content";
			sourceTree = "<group>";
		};
		5D58A44C2D4248D60004E6C5 /* Components */ = {
			isa = PBXGroup;
			children = (
				5DD680FF2D42A6B2008740B4 /* BottomBar.swift */,
				5D58A4652D4256AE0004E6C5 /* WorkoutWidget.swift */,
				5D1C89472DAC20850021E0E5 /* WorkoutCard.swift */,
				5D872A542D46E46400368978 /* MuscleGroupWidget.swift */,
				5D8214DD2D623DAD00FB84BB /* ExercisePlayWidget.swift */,
				733921E92D9C78A000C4E496 /* TitleRow.swift */,
				7339220D2D9C8BA900C4E496 /* MessageBubble.swift */,
				5D37CC7B2DA97C7D0044CF0D /* Calendar.swift */,
			);
			path = Components;
			sourceTree = "<group>";
		};
/* End PBXGroup section */

/* Begin PBXNativeTarget section */
		5D37C97C2DA56D190044CF0D /* GymBro Watch Watch App */ = {
			isa = PBXNativeTarget;
			buildConfigurationList = 5D37C99E2DA56D1F0044CF0D /* Build configuration list for PBXNativeTarget "GymBro Watch Watch App" */;
			buildPhases = (
				5D37C9792DA56D190044CF0D /* Sources */,
				5D37C97A2DA56D190044CF0D /* Frameworks */,
				5D37C97B2DA56D190044CF0D /* Resources */,
			);
			buildRules = (
			);
			dependencies = (
			);
			fileSystemSynchronizedGroups = (
				5D37C97E2DA56D190044CF0D /* GymBro Watch Watch App */,
			);
			name = "GymBro Watch Watch App";
			packageProductDependencies = (
				5D37C9EF2DA582040044CF0D /* FirebaseFirestore */,
			);
			productName = "GymBro Watch Watch App";
			productReference = 5D37C97D2DA56D190044CF0D /* GymBro Watch Watch App.app */;
			productType = "com.apple.product-type.application";
		};
		5D4909F42CEB7DF000A24F89 /* GymBro */ = {
			isa = PBXNativeTarget;
			buildConfigurationList = 5D490A032CEB7DF600A24F89 /* Build configuration list for PBXNativeTarget "GymBro" */;
			buildPhases = (
				5D4909F12CEB7DF000A24F89 /* Sources */,
				5D4909F22CEB7DF000A24F89 /* Frameworks */,
				5D4909F32CEB7DF000A24F89 /* Resources */,
				5D37C9A12DA56D1F0044CF0D /* Embed Watch Content */,
				5D5B3ABF2DB137BD0059F92B /* Embed Foundation Extensions */,
			);
			buildRules = (
			);
			dependencies = (
				5D37C99C2DA56D1F0044CF0D /* PBXTargetDependency */,
				5D5B3ABD2DB137BD0059F92B /* PBXTargetDependency */,
			);
			fileSystemSynchronizedGroups = (
				5D58A4482D42488D0004E6C5 /* Visual */,
				5DB1334E2D4D968D00C37DF0 /* Model */,
				73DA142A2D3FD65B00960BD8 /* Controllers */,
			);
			name = GymBro;
			productName = GymBro;
			productReference = 5D4909F52CEB7DF000A24F89 /* GymBro.app */;
			productType = "com.apple.product-type.application";
		};
		5D5B3AAE2DB137B90059F92B /* GymBroWidgetExtension */ = {
			isa = PBXNativeTarget;
			buildConfigurationList = 5D5B3AC32DB137BD0059F92B /* Build configuration list for PBXNativeTarget "GymBroWidgetExtension" */;
			buildPhases = (
				5D5B3AAB2DB137B90059F92B /* Sources */,
				5D5B3AAC2DB137B90059F92B /* Frameworks */,
				5D5B3AAD2DB137B90059F92B /* Resources */,
			);
			buildRules = (
			);
			dependencies = (
			);
			fileSystemSynchronizedGroups = (
				5D5B3AB42DB137BA0059F92B /* GymBroWidget */,
			);
			name = GymBroWidgetExtension;
			packageProductDependencies = (
			);
			productName = GymBroWidgetExtension;
			productReference = 5D5B3AAF2DB137B90059F92B /* GymBroWidgetExtension.appex */;
			productType = "com.apple.product-type.app-extension";
		};
/* End PBXNativeTarget section */

/* Begin PBXProject section */
		5D4909ED2CEB7DF000A24F89 /* Project object */ = {
			isa = PBXProject;
			attributes = {
				BuildIndependentTargetsInParallel = 1;
				LastSwiftUpdateCheck = 1630;
				LastUpgradeCheck = 1620;
				TargetAttributes = {
					5D37C97C2DA56D190044CF0D = {
						CreatedOnToolsVersion = 16.3;
					};
					5D4909F42CEB7DF000A24F89 = {
						CreatedOnToolsVersion = 15.3;
					};
					5D5B3AAE2DB137B90059F92B = {
						CreatedOnToolsVersion = 16.3;
					};
				};
			};
			buildConfigurationList = 5D4909F02CEB7DF000A24F89 /* Build configuration list for PBXProject "GymBro" */;
			compatibilityVersion = "Xcode 14.0";
			developmentRegion = en;
			hasScannedForEncodings = 0;
			knownRegions = (
				en,
				Base,
				ru,
			);
			mainGroup = 5D4909EC2CEB7DF000A24F89;
			packageReferences = (
				5D7A66642D41C9C100FC3EE1 /* XCRemoteSwiftPackageReference "firebase-ios-sdk" */,
			);
			productRefGroup = 5D4909F62CEB7DF000A24F89 /* Products */;
			projectDirPath = "";
			projectRoot = "";
			targets = (
				5D4909F42CEB7DF000A24F89 /* GymBro */,
				5D37C97C2DA56D190044CF0D /* GymBro Watch Watch App */,
				5D5B3AAE2DB137B90059F92B /* GymBroWidgetExtension */,
			);
		};
/* End PBXProject section */

/* Begin PBXResourcesBuildPhase section */
		5D37C97B2DA56D190044CF0D /* Resources */ = {
			isa = PBXResourcesBuildPhase;
			buildActionMask = 2147483647;
			files = (
			);
			runOnlyForDeploymentPostprocessing = 0;
		};
		5D4909F32CEB7DF000A24F89 /* Resources */ = {
			isa = PBXResourcesBuildPhase;
			buildActionMask = 2147483647;
			files = (
				5D490A002CEB7DF600A24F89 /* Preview Assets.xcassets in Resources */,
				5D7A66632D41C91A00FC3EE1 /* GoogleService-Info.plist in Resources */,
				5D4909FD2CEB7DF600A24F89 /* Assets.xcassets in Resources */,
				73DA14292D3FD36700960BD8 /* Localizable.xcstrings in Resources */,
			);
			runOnlyForDeploymentPostprocessing = 0;
		};
		5D5B3AAD2DB137B90059F92B /* Resources */ = {
			isa = PBXResourcesBuildPhase;
			buildActionMask = 2147483647;
			files = (
			);
			runOnlyForDeploymentPostprocessing = 0;
		};
/* End PBXResourcesBuildPhase section */

/* Begin PBXSourcesBuildPhase section */
		5D37C9792DA56D190044CF0D /* Sources */ = {
			isa = PBXSourcesBuildPhase;
			buildActionMask = 2147483647;
			files = (
			);
			runOnlyForDeploymentPostprocessing = 0;
		};
		5D4909F12CEB7DF000A24F89 /* Sources */ = {
			isa = PBXSourcesBuildPhase;
			buildActionMask = 2147483647;
			files = (
				733921EA2D9C78A000C4E496 /* TitleRow.swift in Sources */,
				5D8214DE2D623DAD00FB84BB /* ExercisePlayWidget.swift in Sources */,
				5D1C89492DAC208B0021E0E5 /* WorkoutCard.swift in Sources */,
				7339220E2D9C8BA900C4E496 /* MessageBubble.swift in Sources */,
				5D4909FB2CEB7DF000A24F89 /* LoginView.swift in Sources */,
				73E4AEDB2D5391F10088A814 /* MainView.swift in Sources */,
				5D4909F92CEB7DF000A24F89 /* GymBroApp.swift in Sources */,
				5D872A552D46E46400368978 /* MuscleGroupWidget.swift in Sources */,
				5D37C9E72DA5747F0044CF0D /* WatchSessionManager.swift in Sources */,
				5D37CC7C2DA97C7D0044CF0D /* Calendar.swift in Sources */,
				5D58A4662D4256AE0004E6C5 /* WorkoutWidget.swift in Sources */,
				5DD681002D42A6B9008740B4 /* BottomBar.swift in Sources */,
			);
			runOnlyForDeploymentPostprocessing = 0;
		};
		5D5B3AAB2DB137B90059F92B /* Sources */ = {
			isa = PBXSourcesBuildPhase;
			buildActionMask = 2147483647;
			files = (
			);
			runOnlyForDeploymentPostprocessing = 0;
		};
/* End PBXSourcesBuildPhase section */

/* Begin PBXTargetDependency section */
		5D37C99C2DA56D1F0044CF0D /* PBXTargetDependency */ = {
			isa = PBXTargetDependency;
			target = 5D37C97C2DA56D190044CF0D /* GymBro Watch Watch App */;
			targetProxy = 5D37C99B2DA56D1F0044CF0D /* PBXContainerItemProxy */;
		};
		5D5B3ABD2DB137BD0059F92B /* PBXTargetDependency */ = {
			isa = PBXTargetDependency;
			target = 5D5B3AAE2DB137B90059F92B /* GymBroWidgetExtension */;
			targetProxy = 5D5B3ABC2DB137BD0059F92B /* PBXContainerItemProxy */;
		};
/* End PBXTargetDependency section */

/* Begin XCBuildConfiguration section */
		5D37C99F2DA56D1F0044CF0D /* Debug */ = {
			isa = XCBuildConfiguration;
			buildSettings = {
				ASSETCATALOG_COMPILER_APPICON_NAME = AppIcon;
				ASSETCATALOG_COMPILER_GLOBAL_ACCENT_COLOR_NAME = AccentColor;
				CODE_SIGN_STYLE = Automatic;
				CURRENT_PROJECT_VERSION = 1;
				DEVELOPMENT_TEAM = 64ZD762FNQ;
				ENABLE_PREVIEWS = YES;
				GENERATE_INFOPLIST_FILE = YES;
				INFOPLIST_KEY_CFBundleDisplayName = "GymBro Watch";
				INFOPLIST_KEY_UISupportedInterfaceOrientations = "UIInterfaceOrientationPortrait UIInterfaceOrientationPortraitUpsideDown";
				INFOPLIST_KEY_WKCompanionAppBundleIdentifier = com.gymbroo.app;
				LD_RUNPATH_SEARCH_PATHS = (
					"$(inherited)",
					"@executable_path/Frameworks",
				);
				MARKETING_VERSION = 1.0;
				PRODUCT_BUNDLE_IDENTIFIER = com.gymbroo.app.watchkitapp;
				PRODUCT_NAME = "$(TARGET_NAME)";
				SDKROOT = watchos;
				SKIP_INSTALL = YES;
				SWIFT_EMIT_LOC_STRINGS = YES;
				SWIFT_VERSION = 5.0;
				TARGETED_DEVICE_FAMILY = 4;
				WATCHOS_DEPLOYMENT_TARGET = 11.4;
			};
			name = Debug;
		};
		5D37C9A02DA56D1F0044CF0D /* Release */ = {
			isa = XCBuildConfiguration;
			buildSettings = {
				ASSETCATALOG_COMPILER_APPICON_NAME = AppIcon;
				ASSETCATALOG_COMPILER_GLOBAL_ACCENT_COLOR_NAME = AccentColor;
				CODE_SIGN_STYLE = Automatic;
				CURRENT_PROJECT_VERSION = 1;
				DEVELOPMENT_TEAM = 64ZD762FNQ;
				ENABLE_PREVIEWS = YES;
				GENERATE_INFOPLIST_FILE = YES;
				INFOPLIST_KEY_CFBundleDisplayName = "GymBro Watch";
				INFOPLIST_KEY_UISupportedInterfaceOrientations = "UIInterfaceOrientationPortrait UIInterfaceOrientationPortraitUpsideDown";
				INFOPLIST_KEY_WKCompanionAppBundleIdentifier = com.gymbroo.app;
				LD_RUNPATH_SEARCH_PATHS = (
					"$(inherited)",
					"@executable_path/Frameworks",
				);
				MARKETING_VERSION = 1.0;
				PRODUCT_BUNDLE_IDENTIFIER = com.gymbroo.app.watchkitapp;
				PRODUCT_NAME = "$(TARGET_NAME)";
				SDKROOT = watchos;
				SKIP_INSTALL = YES;
				SWIFT_EMIT_LOC_STRINGS = YES;
				SWIFT_VERSION = 5.0;
				TARGETED_DEVICE_FAMILY = 4;
				WATCHOS_DEPLOYMENT_TARGET = 11.4;
			};
			name = Release;
		};
		5D490A012CEB7DF600A24F89 /* Debug */ = {
			isa = XCBuildConfiguration;
			buildSettings = {
				ALWAYS_SEARCH_USER_PATHS = NO;
				ASSETCATALOG_COMPILER_GENERATE_SWIFT_ASSET_SYMBOL_EXTENSIONS = YES;
				CLANG_ANALYZER_LOCALIZABILITY_NONLOCALIZED = YES;
				CLANG_ANALYZER_NONNULL = YES;
				CLANG_ANALYZER_NUMBER_OBJECT_CONVERSION = YES_AGGRESSIVE;
				CLANG_CXX_LANGUAGE_STANDARD = "gnu++20";
				CLANG_ENABLE_MODULES = YES;
				CLANG_ENABLE_OBJC_ARC = YES;
				CLANG_ENABLE_OBJC_WEAK = YES;
				CLANG_WARN_BLOCK_CAPTURE_AUTORELEASING = YES;
				CLANG_WARN_BOOL_CONVERSION = YES;
				CLANG_WARN_COMMA = YES;
				CLANG_WARN_CONSTANT_CONVERSION = YES;
				CLANG_WARN_DEPRECATED_OBJC_IMPLEMENTATIONS = YES;
				CLANG_WARN_DIRECT_OBJC_ISA_USAGE = YES_ERROR;
				CLANG_WARN_DOCUMENTATION_COMMENTS = YES;
				CLANG_WARN_EMPTY_BODY = YES;
				CLANG_WARN_ENUM_CONVERSION = YES;
				CLANG_WARN_INFINITE_RECURSION = YES;
				CLANG_WARN_INT_CONVERSION = YES;
				CLANG_WARN_NON_LITERAL_NULL_CONVERSION = YES;
				CLANG_WARN_OBJC_IMPLICIT_RETAIN_SELF = YES;
				CLANG_WARN_OBJC_LITERAL_CONVERSION = YES;
				CLANG_WARN_OBJC_ROOT_CLASS = YES_ERROR;
				CLANG_WARN_QUOTED_INCLUDE_IN_FRAMEWORK_HEADER = YES;
				CLANG_WARN_RANGE_LOOP_ANALYSIS = YES;
				CLANG_WARN_STRICT_PROTOTYPES = YES;
				CLANG_WARN_SUSPICIOUS_MOVE = YES;
				CLANG_WARN_UNGUARDED_AVAILABILITY = YES_AGGRESSIVE;
				CLANG_WARN_UNREACHABLE_CODE = YES;
				CLANG_WARN__DUPLICATE_METHOD_MATCH = YES;
				COPY_PHASE_STRIP = NO;
				DEBUG_INFORMATION_FORMAT = dwarf;
				ENABLE_STRICT_OBJC_MSGSEND = YES;
				ENABLE_TESTABILITY = YES;
				ENABLE_USER_SCRIPT_SANDBOXING = YES;
				GCC_C_LANGUAGE_STANDARD = gnu17;
				GCC_DYNAMIC_NO_PIC = NO;
				GCC_NO_COMMON_BLOCKS = YES;
				GCC_OPTIMIZATION_LEVEL = 0;
				GCC_PREPROCESSOR_DEFINITIONS = (
					"DEBUG=1",
					"$(inherited)",
				);
				GCC_WARN_64_TO_32_BIT_CONVERSION = YES;
				GCC_WARN_ABOUT_RETURN_TYPE = YES_ERROR;
				GCC_WARN_UNDECLARED_SELECTOR = YES;
				GCC_WARN_UNINITIALIZED_AUTOS = YES_AGGRESSIVE;
				GCC_WARN_UNUSED_FUNCTION = YES;
				GCC_WARN_UNUSED_VARIABLE = YES;
				IPHONEOS_DEPLOYMENT_TARGET = 17.4;
				LOCALIZATION_PREFERS_STRING_CATALOGS = YES;
				MTL_ENABLE_DEBUG_INFO = INCLUDE_SOURCE;
				MTL_FAST_MATH = YES;
				ONLY_ACTIVE_ARCH = YES;
				SDKROOT = iphoneos;
				SWIFT_ACTIVE_COMPILATION_CONDITIONS = "DEBUG $(inherited)";
				SWIFT_EMIT_LOC_STRINGS = YES;
				SWIFT_OPTIMIZATION_LEVEL = "-Onone";
			};
			name = Debug;
		};
		5D490A022CEB7DF600A24F89 /* Release */ = {
			isa = XCBuildConfiguration;
			buildSettings = {
				ALWAYS_SEARCH_USER_PATHS = NO;
				ASSETCATALOG_COMPILER_GENERATE_SWIFT_ASSET_SYMBOL_EXTENSIONS = YES;
				CLANG_ANALYZER_LOCALIZABILITY_NONLOCALIZED = YES;
				CLANG_ANALYZER_NONNULL = YES;
				CLANG_ANALYZER_NUMBER_OBJECT_CONVERSION = YES_AGGRESSIVE;
				CLANG_CXX_LANGUAGE_STANDARD = "gnu++20";
				CLANG_ENABLE_MODULES = YES;
				CLANG_ENABLE_OBJC_ARC = YES;
				CLANG_ENABLE_OBJC_WEAK = YES;
				CLANG_WARN_BLOCK_CAPTURE_AUTORELEASING = YES;
				CLANG_WARN_BOOL_CONVERSION = YES;
				CLANG_WARN_COMMA = YES;
				CLANG_WARN_CONSTANT_CONVERSION = YES;
				CLANG_WARN_DEPRECATED_OBJC_IMPLEMENTATIONS = YES;
				CLANG_WARN_DIRECT_OBJC_ISA_USAGE = YES_ERROR;
				CLANG_WARN_DOCUMENTATION_COMMENTS = YES;
				CLANG_WARN_EMPTY_BODY = YES;
				CLANG_WARN_ENUM_CONVERSION = YES;
				CLANG_WARN_INFINITE_RECURSION = YES;
				CLANG_WARN_INT_CONVERSION = YES;
				CLANG_WARN_NON_LITERAL_NULL_CONVERSION = YES;
				CLANG_WARN_OBJC_IMPLICIT_RETAIN_SELF = YES;
				CLANG_WARN_OBJC_LITERAL_CONVERSION = YES;
				CLANG_WARN_OBJC_ROOT_CLASS = YES_ERROR;
				CLANG_WARN_QUOTED_INCLUDE_IN_FRAMEWORK_HEADER = YES;
				CLANG_WARN_RANGE_LOOP_ANALYSIS = YES;
				CLANG_WARN_STRICT_PROTOTYPES = YES;
				CLANG_WARN_SUSPICIOUS_MOVE = YES;
				CLANG_WARN_UNGUARDED_AVAILABILITY = YES_AGGRESSIVE;
				CLANG_WARN_UNREACHABLE_CODE = YES;
				CLANG_WARN__DUPLICATE_METHOD_MATCH = YES;
				COPY_PHASE_STRIP = NO;
				DEBUG_INFORMATION_FORMAT = "dwarf-with-dsym";
				ENABLE_NS_ASSERTIONS = NO;
				ENABLE_STRICT_OBJC_MSGSEND = YES;
				ENABLE_USER_SCRIPT_SANDBOXING = YES;
				GCC_C_LANGUAGE_STANDARD = gnu17;
				GCC_NO_COMMON_BLOCKS = YES;
				GCC_WARN_64_TO_32_BIT_CONVERSION = YES;
				GCC_WARN_ABOUT_RETURN_TYPE = YES_ERROR;
				GCC_WARN_UNDECLARED_SELECTOR = YES;
				GCC_WARN_UNINITIALIZED_AUTOS = YES_AGGRESSIVE;
				GCC_WARN_UNUSED_FUNCTION = YES;
				GCC_WARN_UNUSED_VARIABLE = YES;
				IPHONEOS_DEPLOYMENT_TARGET = 17.4;
				LOCALIZATION_PREFERS_STRING_CATALOGS = YES;
				MTL_ENABLE_DEBUG_INFO = NO;
				MTL_FAST_MATH = YES;
				SDKROOT = iphoneos;
				SWIFT_COMPILATION_MODE = wholemodule;
				SWIFT_EMIT_LOC_STRINGS = YES;
				VALIDATE_PRODUCT = YES;
			};
			name = Release;
		};
		5D490A042CEB7DF600A24F89 /* Debug */ = {
			isa = XCBuildConfiguration;
			buildSettings = {
				ASSETCATALOG_COMPILER_APPICON_NAME = AppIcon;
				ASSETCATALOG_COMPILER_GLOBAL_ACCENT_COLOR_NAME = AccentColor;
				CODE_SIGN_ENTITLEMENTS = GymBro/GymBroRelease.entitlements;
				CODE_SIGN_STYLE = Automatic;
				CURRENT_PROJECT_VERSION = 1;
				DEVELOPMENT_ASSET_PATHS = "\"GymBro/Preview Content\"";
				DEVELOPMENT_TEAM = 64ZD762FNQ;
				ENABLE_PREVIEWS = YES;
				GENERATE_INFOPLIST_FILE = YES;
				INFOPLIST_KEY_UIApplicationSceneManifest_Generation = YES;
				INFOPLIST_KEY_UIApplicationSupportsIndirectInputEvents = YES;
				INFOPLIST_KEY_UILaunchScreen_Generation = YES;
				INFOPLIST_KEY_UISupportedInterfaceOrientations_iPad = "UIInterfaceOrientationPortrait UIInterfaceOrientationPortraitUpsideDown UIInterfaceOrientationLandscapeLeft UIInterfaceOrientationLandscapeRight";
				INFOPLIST_KEY_UISupportedInterfaceOrientations_iPhone = "UIInterfaceOrientationPortrait UIInterfaceOrientationLandscapeLeft UIInterfaceOrientationLandscapeRight";
				IPHONEOS_DEPLOYMENT_TARGET = 16.6;
				LD_RUNPATH_SEARCH_PATHS = (
					"$(inherited)",
					"@executable_path/Frameworks",
				);
				MARKETING_VERSION = 1.0;
				PRODUCT_BUNDLE_IDENTIFIER = com.gymbroo.app;
				PRODUCT_NAME = "$(TARGET_NAME)";
				SUPPORTED_PLATFORMS = "iphoneos iphonesimulator";
				SUPPORTS_MACCATALYST = NO;
				SUPPORTS_MAC_DESIGNED_FOR_IPHONE_IPAD = NO;
				SUPPORTS_XR_DESIGNED_FOR_IPHONE_IPAD = NO;
				SWIFT_EMIT_LOC_STRINGS = YES;
				SWIFT_VERSION = 5.0;
				TARGETED_DEVICE_FAMILY = "1,2";
			};
			name = Debug;
		};
		5D490A052CEB7DF600A24F89 /* Release */ = {
			isa = XCBuildConfiguration;
			buildSettings = {
				ASSETCATALOG_COMPILER_APPICON_NAME = AppIcon;
				ASSETCATALOG_COMPILER_GLOBAL_ACCENT_COLOR_NAME = AccentColor;
				CODE_SIGN_ENTITLEMENTS = GymBro/GymBroRelease.entitlements;
				CODE_SIGN_STYLE = Automatic;
				CURRENT_PROJECT_VERSION = 1;
				DEVELOPMENT_ASSET_PATHS = "\"GymBro/Preview Content\"";
				DEVELOPMENT_TEAM = 64ZD762FNQ;
				ENABLE_PREVIEWS = YES;
				GENERATE_INFOPLIST_FILE = YES;
				INFOPLIST_KEY_UIApplicationSceneManifest_Generation = YES;
				INFOPLIST_KEY_UIApplicationSupportsIndirectInputEvents = YES;
				INFOPLIST_KEY_UILaunchScreen_Generation = YES;
				INFOPLIST_KEY_UISupportedInterfaceOrientations_iPad = "UIInterfaceOrientationPortrait UIInterfaceOrientationPortraitUpsideDown UIInterfaceOrientationLandscapeLeft UIInterfaceOrientationLandscapeRight";
				INFOPLIST_KEY_UISupportedInterfaceOrientations_iPhone = "UIInterfaceOrientationPortrait UIInterfaceOrientationLandscapeLeft UIInterfaceOrientationLandscapeRight";
				IPHONEOS_DEPLOYMENT_TARGET = 16.6;
				LD_RUNPATH_SEARCH_PATHS = (
					"$(inherited)",
					"@executable_path/Frameworks",
				);
				MARKETING_VERSION = 1.0;
				PRODUCT_BUNDLE_IDENTIFIER = com.gymbroo.app;
				PRODUCT_NAME = "$(TARGET_NAME)";
				SUPPORTED_PLATFORMS = "iphoneos iphonesimulator";
				SUPPORTS_MACCATALYST = NO;
				SUPPORTS_MAC_DESIGNED_FOR_IPHONE_IPAD = NO;
				SUPPORTS_XR_DESIGNED_FOR_IPHONE_IPAD = NO;
				SWIFT_EMIT_LOC_STRINGS = YES;
				SWIFT_VERSION = 5.0;
				TARGETED_DEVICE_FAMILY = "1,2";
			};
			name = Release;
		};
		5D5B3AC02DB137BD0059F92B /* Debug */ = {
			isa = XCBuildConfiguration;
			buildSettings = {
				ASSETCATALOG_COMPILER_GLOBAL_ACCENT_COLOR_NAME = AccentColor;
				ASSETCATALOG_COMPILER_WIDGET_BACKGROUND_COLOR_NAME = WidgetBackground;
				CODE_SIGN_ENTITLEMENTS = GymBroWidgetExtensionRelease.entitlements;
				CODE_SIGN_STYLE = Automatic;
				CURRENT_PROJECT_VERSION = 1;
				DEVELOPMENT_TEAM = 64ZD762FNQ;
				GENERATE_INFOPLIST_FILE = YES;
				INFOPLIST_FILE = GymBroWidget/Info.plist;
				INFOPLIST_KEY_CFBundleDisplayName = GymBroWidget;
				INFOPLIST_KEY_NSHumanReadableCopyright = "";
				IPHONEOS_DEPLOYMENT_TARGET = 18.4;
				LD_RUNPATH_SEARCH_PATHS = (
					"$(inherited)",
					"@executable_path/Frameworks",
					"@executable_path/../../Frameworks",
				);
				MARKETING_VERSION = 1.0;
				PRODUCT_BUNDLE_IDENTIFIER = com.gymbroo.app.GymBroWidget;
				PRODUCT_NAME = "$(TARGET_NAME)";
				SKIP_INSTALL = YES;
				SWIFT_EMIT_LOC_STRINGS = YES;
				SWIFT_VERSION = 5.0;
				TARGETED_DEVICE_FAMILY = "1,2";
			};
			name = Debug;
		};
		5D5B3AC12DB137BD0059F92B /* Release */ = {
			isa = XCBuildConfiguration;
			buildSettings = {
				ASSETCATALOG_COMPILER_GLOBAL_ACCENT_COLOR_NAME = AccentColor;
				ASSETCATALOG_COMPILER_WIDGET_BACKGROUND_COLOR_NAME = WidgetBackground;
				CODE_SIGN_ENTITLEMENTS = GymBroWidgetExtensionRelease.entitlements;
				CODE_SIGN_STYLE = Automatic;
				CURRENT_PROJECT_VERSION = 1;
				DEVELOPMENT_TEAM = 64ZD762FNQ;
				GENERATE_INFOPLIST_FILE = YES;
				INFOPLIST_FILE = GymBroWidget/Info.plist;
				INFOPLIST_KEY_CFBundleDisplayName = GymBroWidget;
				INFOPLIST_KEY_NSHumanReadableCopyright = "";
				IPHONEOS_DEPLOYMENT_TARGET = 18.4;
				LD_RUNPATH_SEARCH_PATHS = (
					"$(inherited)",
					"@executable_path/Frameworks",
					"@executable_path/../../Frameworks",
				);
				MARKETING_VERSION = 1.0;
				PRODUCT_BUNDLE_IDENTIFIER = com.gymbroo.app.GymBroWidget;
				PRODUCT_NAME = "$(TARGET_NAME)";
				SKIP_INSTALL = YES;
				SWIFT_EMIT_LOC_STRINGS = YES;
				SWIFT_VERSION = 5.0;
				TARGETED_DEVICE_FAMILY = "1,2";
			};
			name = Release;
		};
/* End XCBuildConfiguration section */

/* Begin XCConfigurationList section */
		5D37C99E2DA56D1F0044CF0D /* Build configuration list for PBXNativeTarget "GymBro Watch Watch App" */ = {
			isa = XCConfigurationList;
			buildConfigurations = (
				5D37C99F2DA56D1F0044CF0D /* Debug */,
				5D37C9A02DA56D1F0044CF0D /* Release */,
			);
			defaultConfigurationIsVisible = 0;
			defaultConfigurationName = Release;
		};
		5D4909F02CEB7DF000A24F89 /* Build configuration list for PBXProject "GymBro" */ = {
			isa = XCConfigurationList;
			buildConfigurations = (
				5D490A012CEB7DF600A24F89 /* Debug */,
				5D490A022CEB7DF600A24F89 /* Release */,
			);
			defaultConfigurationIsVisible = 0;
			defaultConfigurationName = Release;
		};
		5D490A032CEB7DF600A24F89 /* Build configuration list for PBXNativeTarget "GymBro" */ = {
			isa = XCConfigurationList;
			buildConfigurations = (
				5D490A042CEB7DF600A24F89 /* Debug */,
				5D490A052CEB7DF600A24F89 /* Release */,
			);
			defaultConfigurationIsVisible = 0;
			defaultConfigurationName = Release;
		};
		5D5B3AC32DB137BD0059F92B /* Build configuration list for PBXNativeTarget "GymBroWidgetExtension" */ = {
			isa = XCConfigurationList;
			buildConfigurations = (
				5D5B3AC02DB137BD0059F92B /* Debug */,
				5D5B3AC12DB137BD0059F92B /* Release */,
			);
			defaultConfigurationIsVisible = 0;
			defaultConfigurationName = Release;
		};
/* End XCConfigurationList section */

/* Begin XCRemoteSwiftPackageReference section */
		5D7A66642D41C9C100FC3EE1 /* XCRemoteSwiftPackageReference "firebase-ios-sdk" */ = {
			isa = XCRemoteSwiftPackageReference;
			repositoryURL = "https://github.com/firebase/firebase-ios-sdk";
			requirement = {
				kind = upToNextMajorVersion;
				minimumVersion = 11.7.0;
			};
		};
/* End XCRemoteSwiftPackageReference section */

/* Begin XCSwiftPackageProductDependency section */
		5D37C9EF2DA582040044CF0D /* FirebaseFirestore */ = {
			isa = XCSwiftPackageProductDependency;
			package = 5D7A66642D41C9C100FC3EE1 /* XCRemoteSwiftPackageReference "firebase-ios-sdk" */;
			productName = FirebaseFirestore;
		};
		5D7A66652D41C9C100FC3EE1 /* FirebaseFirestore */ = {
			isa = XCSwiftPackageProductDependency;
			package = 5D7A66642D41C9C100FC3EE1 /* XCRemoteSwiftPackageReference "firebase-ios-sdk" */;
			productName = FirebaseFirestore;
		};
		5D7A66672D41C9C100FC3EE1 /* FirebaseFirestoreCombine-Community */ = {
			isa = XCSwiftPackageProductDependency;
			package = 5D7A66642D41C9C100FC3EE1 /* XCRemoteSwiftPackageReference "firebase-ios-sdk" */;
			productName = "FirebaseFirestoreCombine-Community";
		};
		73E4AEDC2D54FF4F0088A814 /* FirebaseAuth */ = {
			isa = XCSwiftPackageProductDependency;
			package = 5D7A66642D41C9C100FC3EE1 /* XCRemoteSwiftPackageReference "firebase-ios-sdk" */;
			productName = FirebaseAuth;
		};
		73E4AEE02D551B850088A814 /* FirebaseStorage */ = {
			isa = XCSwiftPackageProductDependency;
			package = 5D7A66642D41C9C100FC3EE1 /* XCRemoteSwiftPackageReference "firebase-ios-sdk" */;
			productName = FirebaseStorage;
		};
/* End XCSwiftPackageProductDependency section */
	};
	rootObject = 5D4909ED2CEB7DF000A24F89 /* Project object */;
}
