// !$*UTF8*$!
{
	archiveVersion = 1;
	classes = {
	};
	objectVersion = 70;
	objects = {

/* Begin PBXBuildFile section */
		5D4909F92CEB7DF000A24F89 /* GymBroApp.swift in Sources */ = {isa = PBXBuildFile; fileRef = 5D4909F82CEB7DF000A24F89 /* GymBroApp.swift */; };
		5D4909FB2CEB7DF000A24F89 /* LoginView.swift in Sources */ = {isa = PBXBuildFile; fileRef = 5D4909FA2CEB7DF000A24F89 /* LoginView.swift */; };
		5D4909FD2CEB7DF600A24F89 /* Assets.xcassets in Resources */ = {isa = PBXBuildFile; fileRef = 5D4909FC2CEB7DF600A24F89 /* Assets.xcassets */; };
		5D490A002CEB7DF600A24F89 /* Preview Assets.xcassets in Resources */ = {isa = PBXBuildFile; fileRef = 5D4909FF2CEB7DF600A24F89 /* Preview Assets.xcassets */; };
		5D58A4662D4256AE0004E6C5 /* WorkoutWidget.swift in Sources */ = {isa = PBXBuildFile; fileRef = 5D58A4652D4256AE0004E6C5 /* WorkoutWidget.swift */; };
		5D7A66632D41C91A00FC3EE1 /* GoogleService-Info.plist in Resources */ = {isa = PBXBuildFile; fileRef = 5D7A66622D41C91A00FC3EE1 /* GoogleService-Info.plist */; };
		5D7A66662D41C9C100FC3EE1 /* FirebaseFirestore in Frameworks */ = {isa = PBXBuildFile; productRef = 5D7A66652D41C9C100FC3EE1 /* FirebaseFirestore */; };
		5D7A66682D41C9C100FC3EE1 /* FirebaseFirestoreCombine-Community in Frameworks */ = {isa = PBXBuildFile; productRef = 5D7A66672D41C9C100FC3EE1 /* FirebaseFirestoreCombine-Community */; };
		5D8214DE2D623DAD00FB84BB /* ExercisePlayWidget.swift in Sources */ = {isa = PBXBuildFile; fileRef = 5D8214DD2D623DAD00FB84BB /* ExercisePlayWidget.swift */; };
		5D872A552D46E46400368978 /* MuscleGroupWidget.swift in Sources */ = {isa = PBXBuildFile; fileRef = 5D872A542D46E46400368978 /* MuscleGroupWidget.swift */; };
		5DD681002D42A6B9008740B4 /* BottomBar.swift in Sources */ = {isa = PBXBuildFile; fileRef = 5DD680FF2D42A6B2008740B4 /* BottomBar.swift */; };
		73DA14292D3FD36700960BD8 /* Localizable.xcstrings in Resources */ = {isa = PBXBuildFile; fileRef = 73DA14282D3FD36700960BD8 /* Localizable.xcstrings */; };
		73E4AEDB2D5391F10088A814 /* MainView.swift in Sources */ = {isa = PBXBuildFile; fileRef = 73E4AEDA2D5391F10088A814 /* MainView.swift */; };
		73E4AEDD2D54FF4F0088A814 /* FirebaseAuth in Frameworks */ = {isa = PBXBuildFile; productRef = 73E4AEDC2D54FF4F0088A814 /* FirebaseAuth */; };
		73E4AEE12D551B850088A814 /* FirebaseStorage in Frameworks */ = {isa = PBXBuildFile; productRef = 73E4AEE02D551B850088A814 /* FirebaseStorage */; };
/* End PBXBuildFile section */

/* Begin PBXFileReference section */
		5D4909F52CEB7DF000A24F89 /* GymBro.app */ = {isa = PBXFileReference; explicitFileType = wrapper.application; includeInIndex = 0; path = GymBro.app; sourceTree = BUILT_PRODUCTS_DIR; };
		5D4909F82CEB7DF000A24F89 /* GymBroApp.swift */ = {isa = PBXFileReference; lastKnownFileType = sourcecode.swift; path = GymBroApp.swift; sourceTree = "<group>"; };
		5D4909FA2CEB7DF000A24F89 /* LoginView.swift */ = {isa = PBXFileReference; lastKnownFileType = sourcecode.swift; path = LoginView.swift; sourceTree = "<group>"; };
		5D4909FC2CEB7DF600A24F89 /* Assets.xcassets */ = {isa = PBXFileReference; lastKnownFileType = folder.assetcatalog; path = Assets.xcassets; sourceTree = "<group>"; };
		5D4909FF2CEB7DF600A24F89 /* Preview Assets.xcassets */ = {isa = PBXFileReference; lastKnownFileType = folder.assetcatalog; path = "Preview Assets.xcassets"; sourceTree = "<group>"; };
		5D58A4652D4256AE0004E6C5 /* WorkoutWidget.swift */ = {isa = PBXFileReference; lastKnownFileType = sourcecode.swift; path = WorkoutWidget.swift; sourceTree = "<group>"; };
		5D7A66622D41C91A00FC3EE1 /* GoogleService-Info.plist */ = {isa = PBXFileReference; lastKnownFileType = text.plist.xml; path = "GoogleService-Info.plist"; sourceTree = "<group>"; };
		5D8214DD2D623DAD00FB84BB /* ExercisePlayWidget.swift */ = {isa = PBXFileReference; lastKnownFileType = sourcecode.swift; path = ExercisePlayWidget.swift; sourceTree = "<group>"; };
		5D872A542D46E46400368978 /* MuscleGroupWidget.swift */ = {isa = PBXFileReference; lastKnownFileType = sourcecode.swift; path = MuscleGroupWidget.swift; sourceTree = "<group>"; };
		5DD680FF2D42A6B2008740B4 /* BottomBar.swift */ = {isa = PBXFileReference; lastKnownFileType = sourcecode.swift; path = BottomBar.swift; sourceTree = "<group>"; };
		73DA14282D3FD36700960BD8 /* Localizable.xcstrings */ = {isa = PBXFileReference; lastKnownFileType = text.json.xcstrings; path = Localizable.xcstrings; sourceTree = "<group>"; };
		73E4AEDA2D5391F10088A814 /* MainView.swift */ = {isa = PBXFileReference; lastKnownFileType = sourcecode.swift; path = MainView.swift; sourceTree = "<group>"; };
/* End PBXFileReference section */

/* Begin PBXFileSystemSynchronizedRootGroup section */
		5D58A4482D42488D0004E6C5 /* Visual */ = {isa = PBXFileSystemSynchronizedRootGroup; explicitFileTypes = {}; explicitFolders = (); path = Visual; sourceTree = "<group>"; };
		5DB1334E2D4D968D00C37DF0 /* Model */ = {isa = PBXFileSystemSynchronizedRootGroup; explicitFileTypes = {}; explicitFolders = (); path = Model; sourceTree = "<group>"; };
		73DA142A2D3FD65B00960BD8 /* Controllers */ = {isa = PBXFileSystemSynchronizedRootGroup; explicitFileTypes = {}; explicitFolders = (); path = Controllers; sourceTree = "<group>"; };
/* End PBXFileSystemSynchronizedRootGroup section */

/* Begin PBXFrameworksBuildPhase section */
		5D4909F22CEB7DF000A24F89 /* Frameworks */ = {
			isa = PBXFrameworksBuildPhase;
			buildActionMask = 2147483647;
			files = (
				5D7A66662D41C9C100FC3EE1 /* FirebaseFirestore in Frameworks */,
				73E4AEE12D551B850088A814 /* FirebaseStorage in Frameworks */,
				73E4AEDD2D54FF4F0088A814 /* FirebaseAuth in Frameworks */,
				5D7A66682D41C9C100FC3EE1 /* FirebaseFirestoreCombine-Community in Frameworks */,
			);
			runOnlyForDeploymentPostprocessing = 0;
		};
/* End PBXFrameworksBuildPhase section */

/* Begin PBXGroup section */
		5D4909EC2CEB7DF000A24F89 = {
			isa = PBXGroup;
			children = (
				73DA14282D3FD36700960BD8 /* Localizable.xcstrings */,
				5D4909F72CEB7DF000A24F89 /* GymBro */,
				5D4909F62CEB7DF000A24F89 /* Products */,
			);
			sourceTree = "<group>";
		};
		5D4909F62CEB7DF000A24F89 /* Products */ = {
			isa = PBXGroup;
			children = (
				5D4909F52CEB7DF000A24F89 /* GymBro.app */,
			);
			name = Products;
			sourceTree = "<group>";
		};
		5D4909F72CEB7DF000A24F89 /* GymBro */ = {
			isa = PBXGroup;
			children = (
				5DB1334E2D4D968D00C37DF0 /* Model */,
				5D4909F82CEB7DF000A24F89 /* GymBroApp.swift */,
				73E4AEDA2D5391F10088A814 /* MainView.swift */,
				5D4909FA2CEB7DF000A24F89 /* LoginView.swift */,
				5D58A44C2D4248D60004E6C5 /* Components */,
				5D58A4482D42488D0004E6C5 /* Visual */,
				73DA142A2D3FD65B00960BD8 /* Controllers */,
				5D4909FC2CEB7DF600A24F89 /* Assets.xcassets */,
				5D7A66622D41C91A00FC3EE1 /* GoogleService-Info.plist */,
				5D4909FE2CEB7DF600A24F89 /* Preview Content */,
			);
			path = GymBro;
			sourceTree = "<group>";
		};
		5D4909FE2CEB7DF600A24F89 /* Preview Content */ = {
			isa = PBXGroup;
			children = (
				5D4909FF2CEB7DF600A24F89 /* Preview Assets.xcassets */,
			);
			path = "Preview Content";
			sourceTree = "<group>";
		};
		5D58A44C2D4248D60004E6C5 /* Components */ = {
			isa = PBXGroup;
			children = (
				5DD680FF2D42A6B2008740B4 /* BottomBar.swift */,
				5D58A4652D4256AE0004E6C5 /* WorkoutWidget.swift */,
				5D872A542D46E46400368978 /* MuscleGroupWidget.swift */,
				5D8214DD2D623DAD00FB84BB /* ExercisePlayWidget.swift */,
			);
			path = Components;
			sourceTree = "<group>";
		};
/* End PBXGroup section */

/* Begin PBXNativeTarget section */
		5D4909F42CEB7DF000A24F89 /* GymBro */ = {
			isa = PBXNativeTarget;
			buildConfigurationList = 5D490A032CEB7DF600A24F89 /* Build configuration list for PBXNativeTarget "GymBro" */;
			buildPhases = (
				5D4909F12CEB7DF000A24F89 /* Sources */,
				5D4909F22CEB7DF000A24F89 /* Frameworks */,
				5D4909F32CEB7DF000A24F89 /* Resources */,
			);
			buildRules = (
			);
			dependencies = (
			);
			fileSystemSynchronizedGroups = (
				5D58A4482D42488D0004E6C5 /* Visual */,
				5DB1334E2D4D968D00C37DF0 /* Model */,
				73DA142A2D3FD65B00960BD8 /* Controllers */,
			);
			name = GymBro;
			productName = GymBro;
			productReference = 5D4909F52CEB7DF000A24F89 /* GymBro.app */;
			productType = "com.apple.product-type.application";
		};
/* End PBXNativeTarget section */

/* Begin PBXProject section */
		5D4909ED2CEB7DF000A24F89 /* Project object */ = {
			isa = PBXProject;
			attributes = {
				BuildIndependentTargetsInParallel = 1;
				LastSwiftUpdateCheck = 1530;
				LastUpgradeCheck = 1620;
				TargetAttributes = {
					5D4909F42CEB7DF000A24F89 = {
						CreatedOnToolsVersion = 15.3;
					};
				};
			};
			buildConfigurationList = 5D4909F02CEB7DF000A24F89 /* Build configuration list for PBXProject "GymBro" */;
			compatibilityVersion = "Xcode 14.0";
			developmentRegion = en;
			hasScannedForEncodings = 0;
			knownRegions = (
				en,
				Base,
				ru,
			);
			mainGroup = 5D4909EC2CEB7DF000A24F89;
			packageReferences = (
				5D7A66642D41C9C100FC3EE1 /* XCRemoteSwiftPackageReference "firebase-ios-sdk" */,
			);
			productRefGroup = 5D4909F62CEB7DF000A24F89 /* Products */;
			projectDirPath = "";
			projectRoot = "";
			targets = (
				5D4909F42CEB7DF000A24F89 /* GymBro */,
			);
		};
/* End PBXProject section */

/* Begin PBXResourcesBuildPhase section */
		5D4909F32CEB7DF000A24F89 /* Resources */ = {
			isa = PBXResourcesBuildPhase;
			buildActionMask = 2147483647;
			files = (
				5D490A002CEB7DF600A24F89 /* Preview Assets.xcassets in Resources */,
				5D7A66632D41C91A00FC3EE1 /* GoogleService-Info.plist in Resources */,
				5D4909FD2CEB7DF600A24F89 /* Assets.xcassets in Resources */,
				73DA14292D3FD36700960BD8 /* Localizable.xcstrings in Resources */,
			);
			runOnlyForDeploymentPostprocessing = 0;
		};
/* End PBXResourcesBuildPhase section */

/* Begin PBXSourcesBuildPhase section */
		5D4909F12CEB7DF000A24F89 /* Sources */ = {
			isa = PBXSourcesBuildPhase;
			buildActionMask = 2147483647;
			files = (
				5D8214DE2D623DAD00FB84BB /* ExercisePlayWidget.swift in Sources */,
				5D4909FB2CEB7DF000A24F89 /* LoginView.swift in Sources */,
				73E4AEDB2D5391F10088A814 /* MainView.swift in Sources */,
				5D4909F92CEB7DF000A24F89 /* GymBroApp.swift in Sources */,
				5D872A552D46E46400368978 /* MuscleGroupWidget.swift in Sources */,
				5D58A4662D4256AE0004E6C5 /* WorkoutWidget.swift in Sources */,
				5DD681002D42A6B9008740B4 /* BottomBar.swift in Sources */,
			);
			runOnlyForDeploymentPostprocessing = 0;
		};
/* End PBXSourcesBuildPhase section */

/* Begin XCBuildConfiguration section */
		5D490A012CEB7DF600A24F89 /* Debug */ = {
			isa = XCBuildConfiguration;
			buildSettings = {
				ALWAYS_SEARCH_USER_PATHS = NO;
				ASSETCATALOG_COMPILER_GENERATE_SWIFT_ASSET_SYMBOL_EXTENSIONS = YES;
				CLANG_ANALYZER_LOCALIZABILITY_NONLOCALIZED = YES;
				CLANG_ANALYZER_NONNULL = YES;
				CLANG_ANALYZER_NUMBER_OBJECT_CONVERSION = YES_AGGRESSIVE;
				CLANG_CXX_LANGUAGE_STANDARD = "gnu++20";
				CLANG_ENABLE_MODULES = YES;
				CLANG_ENABLE_OBJC_ARC = YES;
				CLANG_ENABLE_OBJC_WEAK = YES;
				CLANG_WARN_BLOCK_CAPTURE_AUTORELEASING = YES;
				CLANG_WARN_BOOL_CONVERSION = YES;
				CLANG_WARN_COMMA = YES;
				CLANG_WARN_CONSTANT_CONVERSION = YES;
				CLANG_WARN_DEPRECATED_OBJC_IMPLEMENTATIONS = YES;
				CLANG_WARN_DIRECT_OBJC_ISA_USAGE = YES_ERROR;
				CLANG_WARN_DOCUMENTATION_COMMENTS = YES;
				CLANG_WARN_EMPTY_BODY = YES;
				CLANG_WARN_ENUM_CONVERSION = YES;
				CLANG_WARN_INFINITE_RECURSION = YES;
				CLANG_WARN_INT_CONVERSION = YES;
				CLANG_WARN_NON_LITERAL_NULL_CONVERSION = YES;
				CLANG_WARN_OBJC_IMPLICIT_RETAIN_SELF = YES;
				CLANG_WARN_OBJC_LITERAL_CONVERSION = YES;
				CLANG_WARN_OBJC_ROOT_CLASS = YES_ERROR;
				CLANG_WARN_QUOTED_INCLUDE_IN_FRAMEWORK_HEADER = YES;
				CLANG_WARN_RANGE_LOOP_ANALYSIS = YES;
				CLANG_WARN_STRICT_PROTOTYPES = YES;
				CLANG_WARN_SUSPICIOUS_MOVE = YES;
				CLANG_WARN_UNGUARDED_AVAILABILITY = YES_AGGRESSIVE;
				CLANG_WARN_UNREACHABLE_CODE = YES;
				CLANG_WARN__DUPLICATE_METHOD_MATCH = YES;
				COPY_PHASE_STRIP = NO;
				DEBUG_INFORMATION_FORMAT = dwarf;
				ENABLE_STRICT_OBJC_MSGSEND = YES;
				ENABLE_TESTABILITY = YES;
				ENABLE_USER_SCRIPT_SANDBOXING = YES;
				GCC_C_LANGUAGE_STANDARD = gnu17;
				GCC_DYNAMIC_NO_PIC = NO;
				GCC_NO_COMMON_BLOCKS = YES;
				GCC_OPTIMIZATION_LEVEL = 0;
				GCC_PREPROCESSOR_DEFINITIONS = (
					"DEBUG=1",
					"$(inherited)",
				);
				GCC_WARN_64_TO_32_BIT_CONVERSION = YES;
				GCC_WARN_ABOUT_RETURN_TYPE = YES_ERROR;
				GCC_WARN_UNDECLARED_SELECTOR = YES;
				GCC_WARN_UNINITIALIZED_AUTOS = YES_AGGRESSIVE;
				GCC_WARN_UNUSED_FUNCTION = YES;
				GCC_WARN_UNUSED_VARIABLE = YES;
				IPHONEOS_DEPLOYMENT_TARGET = 17.4;
				LOCALIZATION_PREFERS_STRING_CATALOGS = YES;
				MTL_ENABLE_DEBUG_INFO = INCLUDE_SOURCE;
				MTL_FAST_MATH = YES;
				ONLY_ACTIVE_ARCH = YES;
				SDKROOT = iphoneos;
				SWIFT_ACTIVE_COMPILATION_CONDITIONS = "DEBUG $(inherited)";
				SWIFT_EMIT_LOC_STRINGS = YES;
				SWIFT_OPTIMIZATION_LEVEL = "-Onone";
			};
			name = Debug;
		};
		5D490A022CEB7DF600A24F89 /* Release */ = {
			isa = XCBuildConfiguration;
			buildSettings = {
				ALWAYS_SEARCH_USER_PATHS = NO;
				ASSETCATALOG_COMPILER_GENERATE_SWIFT_ASSET_SYMBOL_EXTENSIONS = YES;
				CLANG_ANALYZER_LOCALIZABILITY_NONLOCALIZED = YES;
				CLANG_ANALYZER_NONNULL = YES;
				CLANG_ANALYZER_NUMBER_OBJECT_CONVERSION = YES_AGGRESSIVE;
				CLANG_CXX_LANGUAGE_STANDARD = "gnu++20";
				CLANG_ENABLE_MODULES = YES;
				CLANG_ENABLE_OBJC_ARC = YES;
				CLANG_ENABLE_OBJC_WEAK = YES;
				CLANG_WARN_BLOCK_CAPTURE_AUTORELEASING = YES;
				CLANG_WARN_BOOL_CONVERSION = YES;
				CLANG_WARN_COMMA = YES;
				CLANG_WARN_CONSTANT_CONVERSION = YES;
				CLANG_WARN_DEPRECATED_OBJC_IMPLEMENTATIONS = YES;
				CLANG_WARN_DIRECT_OBJC_ISA_USAGE = YES_ERROR;
				CLANG_WARN_DOCUMENTATION_COMMENTS = YES;
				CLANG_WARN_EMPTY_BODY = YES;
				CLANG_WARN_ENUM_CONVERSION = YES;
				CLANG_WARN_INFINITE_RECURSION = YES;
				CLANG_WARN_INT_CONVERSION = YES;
				CLANG_WARN_NON_LITERAL_NULL_CONVERSION = YES;
				CLANG_WARN_OBJC_IMPLICIT_RETAIN_SELF = YES;
				CLANG_WARN_OBJC_LITERAL_CONVERSION = YES;
				CLANG_WARN_OBJC_ROOT_CLASS = YES_ERROR;
				CLANG_WARN_QUOTED_INCLUDE_IN_FRAMEWORK_HEADER = YES;
				CLANG_WARN_RANGE_LOOP_ANALYSIS = YES;
				CLANG_WARN_STRICT_PROTOTYPES = YES;
				CLANG_WARN_SUSPICIOUS_MOVE = YES;
				CLANG_WARN_UNGUARDED_AVAILABILITY = YES_AGGRESSIVE;
				CLANG_WARN_UNREACHABLE_CODE = YES;
				CLANG_WARN__DUPLICATE_METHOD_MATCH = YES;
				COPY_PHASE_STRIP = NO;
				DEBUG_INFORMATION_FORMAT = "dwarf-with-dsym";
				ENABLE_NS_ASSERTIONS = NO;
				ENABLE_STRICT_OBJC_MSGSEND = YES;
				ENABLE_USER_SCRIPT_SANDBOXING = YES;
				GCC_C_LANGUAGE_STANDARD = gnu17;
				GCC_NO_COMMON_BLOCKS = YES;
				GCC_WARN_64_TO_32_BIT_CONVERSION = YES;
				GCC_WARN_ABOUT_RETURN_TYPE = YES_ERROR;
				GCC_WARN_UNDECLARED_SELECTOR = YES;
				GCC_WARN_UNINITIALIZED_AUTOS = YES_AGGRESSIVE;
				GCC_WARN_UNUSED_FUNCTION = YES;
				GCC_WARN_UNUSED_VARIABLE = YES;
				IPHONEOS_DEPLOYMENT_TARGET = 17.4;
				LOCALIZATION_PREFERS_STRING_CATALOGS = YES;
				MTL_ENABLE_DEBUG_INFO = NO;
				MTL_FAST_MATH = YES;
				SDKROOT = iphoneos;
				SWIFT_COMPILATION_MODE = wholemodule;
				SWIFT_EMIT_LOC_STRINGS = YES;
				VALIDATE_PRODUCT = YES;
			};
			name = Release;
		};
		5D490A042CEB7DF600A24F89 /* Debug */ = {
			isa = XCBuildConfiguration;
			buildSettings = {
				ASSETCATALOG_COMPILER_APPICON_NAME = AppIcon;
				ASSETCATALOG_COMPILER_GLOBAL_ACCENT_COLOR_NAME = AccentColor;
				CODE_SIGN_STYLE = Automatic;
				CURRENT_PROJECT_VERSION = 1;
				DEVELOPMENT_ASSET_PATHS = "\"GymBro/Preview Content\"";
				DEVELOPMENT_TEAM = 64ZD762FNQ;
				ENABLE_PREVIEWS = YES;
				GENERATE_INFOPLIST_FILE = YES;
				INFOPLIST_KEY_UIApplicationSceneManifest_Generation = YES;
				INFOPLIST_KEY_UIApplicationSupportsIndirectInputEvents = YES;
				INFOPLIST_KEY_UILaunchScreen_Generation = YES;
				INFOPLIST_KEY_UISupportedInterfaceOrientations_iPad = "UIInterfaceOrientationPortrait UIInterfaceOrientationPortraitUpsideDown UIInterfaceOrientationLandscapeLeft UIInterfaceOrientationLandscapeRight";
				INFOPLIST_KEY_UISupportedInterfaceOrientations_iPhone = "UIInterfaceOrientationPortrait UIInterfaceOrientationLandscapeLeft UIInterfaceOrientationLandscapeRight";
				IPHONEOS_DEPLOYMENT_TARGET = 16.6;
				LD_RUNPATH_SEARCH_PATHS = (
					"$(inherited)",
					"@executable_path/Frameworks",
				);
				MARKETING_VERSION = 1.0;
				PRODUCT_BUNDLE_IDENTIFIER = com.gymbroo.app;
				PRODUCT_NAME = "$(TARGET_NAME)";
				SUPPORTED_PLATFORMS = "iphoneos iphonesimulator";
				SUPPORTS_MACCATALYST = NO;
				SUPPORTS_MAC_DESIGNED_FOR_IPHONE_IPAD = NO;
				SUPPORTS_XR_DESIGNED_FOR_IPHONE_IPAD = NO;
				SWIFT_EMIT_LOC_STRINGS = YES;
				SWIFT_VERSION = 5.0;
				TARGETED_DEVICE_FAMILY = "1,2";
			};
			name = Debug;
		};
		5D490A052CEB7DF600A24F89 /* Release */ = {
			isa = XCBuildConfiguration;
			buildSettings = {
				ASSETCATALOG_COMPILER_APPICON_NAME = AppIcon;
				ASSETCATALOG_COMPILER_GLOBAL_ACCENT_COLOR_NAME = AccentColor;
				CODE_SIGN_STYLE = Automatic;
				CURRENT_PROJECT_VERSION = 1;
				DEVELOPMENT_ASSET_PATHS = "\"GymBro/Preview Content\"";
				DEVELOPMENT_TEAM = 64ZD762FNQ;
				ENABLE_PREVIEWS = YES;
				GENERATE_INFOPLIST_FILE = YES;
				INFOPLIST_KEY_UIApplicationSceneManifest_Generation = YES;
				INFOPLIST_KEY_UIApplicationSupportsIndirectInputEvents = YES;
				INFOPLIST_KEY_UILaunchScreen_Generation = YES;
				INFOPLIST_KEY_UISupportedInterfaceOrientations_iPad = "UIInterfaceOrientationPortrait UIInterfaceOrientationPortraitUpsideDown UIInterfaceOrientationLandscapeLeft UIInterfaceOrientationLandscapeRight";
				INFOPLIST_KEY_UISupportedInterfaceOrientations_iPhone = "UIInterfaceOrientationPortrait UIInterfaceOrientationLandscapeLeft UIInterfaceOrientationLandscapeRight";
				IPHONEOS_DEPLOYMENT_TARGET = 16.6;
				LD_RUNPATH_SEARCH_PATHS = (
					"$(inherited)",
					"@executable_path/Frameworks",
				);
				MARKETING_VERSION = 1.0;
				PRODUCT_BUNDLE_IDENTIFIER = com.gymbroo.app;
				PRODUCT_NAME = "$(TARGET_NAME)";
				SUPPORTED_PLATFORMS = "iphoneos iphonesimulator";
				SUPPORTS_MACCATALYST = NO;
				SUPPORTS_MAC_DESIGNED_FOR_IPHONE_IPAD = NO;
				SUPPORTS_XR_DESIGNED_FOR_IPHONE_IPAD = NO;
				SWIFT_EMIT_LOC_STRINGS = YES;
				SWIFT_VERSION = 5.0;
				TARGETED_DEVICE_FAMILY = "1,2";
			};
			name = Release;
		};
/* End XCBuildConfiguration section */

/* Begin XCConfigurationList section */
		5D4909F02CEB7DF000A24F89 /* Build configuration list for PBXProject "GymBro" */ = {
			isa = XCConfigurationList;
			buildConfigurations = (
				5D490A012CEB7DF600A24F89 /* Debug */,
				5D490A022CEB7DF600A24F89 /* Release */,
			);
			defaultConfigurationIsVisible = 0;
			defaultConfigurationName = Release;
		};
		5D490A032CEB7DF600A24F89 /* Build configuration list for PBXNativeTarget "GymBro" */ = {
			isa = XCConfigurationList;
			buildConfigurations = (
				5D490A042CEB7DF600A24F89 /* Debug */,
				5D490A052CEB7DF600A24F89 /* Release */,
			);
			defaultConfigurationIsVisible = 0;
			defaultConfigurationName = Release;
		};
/* End XCConfigurationList section */

/* Begin XCRemoteSwiftPackageReference section */
		5D7A66642D41C9C100FC3EE1 /* XCRemoteSwiftPackageReference "firebase-ios-sdk" */ = {
			isa = XCRemoteSwiftPackageReference;
			repositoryURL = "https://github.com/firebase/firebase-ios-sdk";
			requirement = {
				kind = upToNextMajorVersion;
				minimumVersion = 11.7.0;
			};
		};
/* End XCRemoteSwiftPackageReference section */

/* Begin XCSwiftPackageProductDependency section */
		5D7A66652D41C9C100FC3EE1 /* FirebaseFirestore */ = {
			isa = XCSwiftPackageProductDependency;
			package = 5D7A66642D41C9C100FC3EE1 /* XCRemoteSwiftPackageReference "firebase-ios-sdk" */;
			productName = FirebaseFirestore;
		};
		5D7A66672D41C9C100FC3EE1 /* FirebaseFirestoreCombine-Community */ = {
			isa = XCSwiftPackageProductDependency;
			package = 5D7A66642D41C9C100FC3EE1 /* XCRemoteSwiftPackageReference "firebase-ios-sdk" */;
			productName = "FirebaseFirestoreCombine-Community";
		};
		73E4AEDC2D54FF4F0088A814 /* FirebaseAuth */ = {
			isa = XCSwiftPackageProductDependency;
			package = 5D7A66642D41C9C100FC3EE1 /* XCRemoteSwiftPackageReference "firebase-ios-sdk" */;
			productName = FirebaseAuth;
		};
		73E4AEE02D551B850088A814 /* FirebaseStorage */ = {
			isa = XCSwiftPackageProductDependency;
			package = 5D7A66642D41C9C100FC3EE1 /* XCRemoteSwiftPackageReference "firebase-ios-sdk" */;
			productName = FirebaseStorage;
		};
/* End XCSwiftPackageProductDependency section */
	};
	rootObject = 5D4909ED2CEB7DF000A24F89 /* Project object */;
}
